
Microsoft Visual Studio Solution File, Format Version 12.00
# Visual Studio 15
VisualStudioVersion = 15.0.28010.2019
MinimumVisualStudioVersion = 10.0.40219.1
Project("{FAE04EC0-301F-11D3-BF4B-00C04F79EFBC}") = "Lab2", "Lab2\Lab2.csproj", "{62871A50-B9E8-43F0-8799-EC5225F7F93A}"
EndProject
Global
	GlobalSection(SolutionConfigurationPlatforms) = preSolution
		Debug|Any CPU = Debug|Any CPU
		Release|Any CPU = Release|Any CPU
	EndGlobalSection
	GlobalSection(ProjectConfigurationPlatforms) = postSolution
		{62871A50-B9E8-43F0-8799-EC5225F7F93A}.Debug|Any CPU.ActiveCfg = Debug|Any CPU
		{62871A50-B9E8-43F0-8799-EC5225F7F93A}.Debug|Any CPU.Build.0 = Debug|Any CPU
		{62871A50-B9E8-43F0-8799-EC5225F7F93A}.Release|Any CPU.ActiveCfg = Release|Any CPU
		{62871A50-B9E8-43F0-8799-EC5225F7F93A}.Release|Any CPU.Build.0 = Release|Any CPU
	EndGlobalSection
	GlobalSection(SolutionProperties) = preSolution
		HideSolutionNode = FALSE
	EndGlobalSection
	GlobalSection(ExtensibilityGlobals) = postSolution
		SolutionGuid = {8CD0E247-6A1B-4ED4-83FA-CFD97ACC90F8}
	EndGlobalSection
EndGlobal
